{
  "graph_lock": {
    "nodes": {
      "0": {
        "ref": "olaf-fixture/1.0.0",
        "id": "0",
        "rrev": "0",
        "recipe": "Consumer"
      },
      "1": {
        "ref": "fmt/11.0.2#abc123",
        "id": "1",
        "rrev": "abc123",
        "recipe": "Cache"
      },
      "2": {
        "ref": "zlib/1.3.1#def456",
        "id": "2",
        "rrev": "def456",
        "recipe": "Cache"
      },
      "3": {
        "ref": "nlohmann_json/3.11.3#789abc",
        "id": "3",
        "rrev": "789abc",
        "recipe": "Cache"
      }
    }
  },
  "version": "0.5"
}
