github.com/spf13/cobra v1.8.0 h1:AAAAAAAAAAAAAAAAAAAAAAAAAAAAAAAAAAAAAAAAAAA=
github.com/spf13/cobra v1.8.0/go.mod h1:BBBBBBBBBBBBBBBBBBBBBBBBBBBBBBBBBBBBBBBBBBB=
golang.org/x/text v0.14.0 h1:CCCCCCCCCCCCCCCCCCCCCCCCCCCCCCCCCCCCCCCCCCC=
golang.org/x/text v0.14.0/go.mod h1:DDDDDDDDDDDDDDDDDDDDDDDDDDDDDDDDDDDDDDDDDDD=
gopkg.in/yaml.v3 v3.0.1 h1:EEEEEEEEEEEEEEEEEEEEEEEEEEEEEEEEEEEEEEEEEEE=
gopkg.in/yaml.v3 v3.0.1/go.mod h1:FFFFFFFFFFFFFFFFFFFFFFFFFFFFFFFFFFFFFFFFFFF=
github.com/spf13/pflag v1.0.5 h1:GGGGGGGGGGGGGGGGGGGGGGGGGGGGGGGGGGGGGGGGGGG=
github.com/spf13/pflag v1.0.5/go.mod h1:HHHHHHHHHHHHHHHHHHHHHHHHHHHHHHHHHHHHHHHHHHH=
