{
  "name": "olaf-npm-fixture",
  "version": "1.0.0",
  "lockfileVersion": 3,
  "requires": true,
  "packages": {
    "": {
      "name": "olaf-npm-fixture",
      "version": "1.0.0"
    },
    "node_modules/express": {
      "version": "4.18.2"
    },
    "node_modules/debug": {
      "version": "4.3.4"
    }
  },
  "dependencies": {
    "express": {
      "version": "4.18.2"
    },
    "debug": {
      "version": "4.3.4"
    }
  }
}
